// !$*UTF8*$!
{
	archiveVersion = 1;
	classes = {
	};
	objectVersion = 77;
	objects = {

/* Begin PBXBuildFile section */
		007FEC1B6F73F8F3A223852B /* SessionUploader.swift in Sources */ = {isa = PBXBuildFile; fileRef = 0979581E9EFC6EBE464219A1 /* SessionUploader.swift */; };
		05B2B5ED257533861EFF4CB7 /* LocalTranscriber.swift in Sources */ = {isa = PBXBuildFile; fileRef = 52F1C61EAA403A96AFFBD295 /* LocalTranscriber.swift */; };
		16D8C2E4F65531ED0E8FC8A6 /* ToolbarBackdrop.swift in Sources */ = {isa = PBXBuildFile; fileRef = BA1FC90D1A3F584F7F795AAC /* ToolbarBackdrop.swift */; };
		25F2794237167E2B86E76872 /* ClipboardOutput.swift in Sources */ = {isa = PBXBuildFile; fileRef = D83B4AFCF23F7B482C5B7689 /* ClipboardOutput.swift */; };
		2E2AFAFEEFD172F632EA9E32 /* Theme.swift in Sources */ = {isa = PBXBuildFile; fileRef = BFDADD63A711A33CB1DAFC49 /* Theme.swift */; };
		34B9653B840BA7EA04FC6914 /* Constants.swift in Sources */ = {isa = PBXBuildFile; fileRef = 9BC530C070F06B8488BD526B /* Constants.swift */; };
		35E56C0FD55F736227AA6C86 /* SessionManager.swift in Sources */ = {isa = PBXBuildFile; fileRef = 2DC34EBB54A844C9F08A9B1C /* SessionManager.swift */; };
		41E54384A29FECBA90F55D04 /* FieldProfiler.swift in Sources */ = {isa = PBXBuildFile; fileRef = F5F87DAB8FBCF6EC788ABBBC /* FieldProfiler.swift */; };
		42E9810E3B801F3C6761BFE0 /* HotkeyManager.swift in Sources */ = {isa = PBXBuildFile; fileRef = 1276438ACBDE805AE73A96D8 /* HotkeyManager.swift */; };
		4928039C83CF682048A4C20A /* CaptureStore.swift in Sources */ = {isa = PBXBuildFile; fileRef = 04445CD4EC91A6F127B5A67C /* CaptureStore.swift */; };
		4F6BC8FACF95E072AFCB4AC0 /* AppleSpeech.swift in Sources */ = {isa = PBXBuildFile; fileRef = BF4F07F81C3F7136AFA6E0E7 /* AppleSpeech.swift */; };
		511A03C41E6CD48D985D05F9 /* PreferencesView.swift in Sources */ = {isa = PBXBuildFile; fileRef = 7A47ABE579672A11EBF68F05 /* PreferencesView.swift */; };
		52CE643B36C72CD5AD101DDD /* AppDelegate.swift in Sources */ = {isa = PBXBuildFile; fileRef = C6980FB0C748F3D932BB737F /* AppDelegate.swift */; };
		574C7B188CFD63C4B24C256F /* AppleSpeechAnalyzer.swift in Sources */ = {isa = PBXBuildFile; fileRef = 6D103354483E5EA671B0C228 /* AppleSpeechAnalyzer.swift */; };
		59BA1D0795401D4E78FA1847 /* AccessibilityCapture.swift in Sources */ = {isa = PBXBuildFile; fileRef = 576DB3CE3E387E87C108D6A9 /* AccessibilityCapture.swift */; };
		5A0A92D6292E2EBDD687E571 /* HUDContentView.swift in Sources */ = {isa = PBXBuildFile; fileRef = 8AD999AF3A2983F6D044382B /* HUDContentView.swift */; };
		5C6C55EBB6222F84BC08017E /* WhisperServer.swift in Sources */ = {isa = PBXBuildFile; fileRef = 6E650E2D930F26266A7838BE /* WhisperServer.swift */; };
		6007E64A5E39615DD61BF4AD /* HUDWindow.swift in Sources */ = {isa = PBXBuildFile; fileRef = 7DC33F800989734476CB1D6D /* HUDWindow.swift */; };
		672E6E5DA3E9F0B483635D80 /* CaptureListComponents.swift in Sources */ = {isa = PBXBuildFile; fileRef = 0CA03E957CFFE9F00D5351B5 /* CaptureListComponents.swift */; };
		6AA227E198DF170BDA250AF4 /* AppPaths.swift in Sources */ = {isa = PBXBuildFile; fileRef = 1644B703BCDFB773ED233BB4 /* AppPaths.swift */; };
		73013C371F644AF34DF1ABAA /* Whisper in Resources */ = {isa = PBXBuildFile; fileRef = 5D8981771E06E68A6EC7DE29 /* Whisper */; };
		88A8555B35995E7A2FBB83EC /* FieldProfilerTests.swift in Sources */ = {isa = PBXBuildFile; fileRef = 604E13BD5B2496A065F0E795 /* FieldProfilerTests.swift */; };
		A49F05C46D03C30835F7F541 /* ContentView.swift in Sources */ = {isa = PBXBuildFile; fileRef = E5E2B480CE59CB88AEAF9F12 /* ContentView.swift */; };
		A8CD261A3FDF0619338D5566 /* Capture.swift in Sources */ = {isa = PBXBuildFile; fileRef = 36D04D4D581F947FDD13AD5A /* Capture.swift */; };
		A957EB88DFD7D005E9D45C79 /* OnboardingView.swift in Sources */ = {isa = PBXBuildFile; fileRef = D28302C5A969B4E66966DBB8 /* OnboardingView.swift */; };
		AC36DBF389D722369C68760E /* UtteranceRouter.swift in Sources */ = {isa = PBXBuildFile; fileRef = 3956B1F5059C9796A3016FD3 /* UtteranceRouter.swift */; };
		ADC8B8995481E9F1FDBB6D3E /* YorickApp.swift in Sources */ = {isa = PBXBuildFile; fileRef = FB8F71B3FB8F2A899FA8638B /* YorickApp.swift */; };
		B0187927594908ECBF6F686F /* TitlebarButtons.swift in Sources */ = {isa = PBXBuildFile; fileRef = 3BF8AB714ADB53F38BC27D4A /* TitlebarButtons.swift */; };
		B111C360CA38C6CEF5E87E20 /* KeyboardShortcuts in Frameworks */ = {isa = PBXBuildFile; productRef = AEA076117CAB6BC4B6F74431 /* KeyboardShortcuts */; };
		B833C5C6C805A5F435041A40 /* CaptureRenderer.swift in Sources */ = {isa = PBXBuildFile; fileRef = 80EBDC0501A791A7B91B11F8 /* CaptureRenderer.swift */; };
		BFD3A14CCF783E94615CDD3E /* Sparkle in Frameworks */ = {isa = PBXBuildFile; productRef = 843C685747358500698D6BA3 /* Sparkle */; };
		C414989B98612864508934B1 /* Assets.xcassets in Resources */ = {isa = PBXBuildFile; fileRef = 43BE47F86B9BB05696F03D32 /* Assets.xcassets */; };
		C613A4D66858655E5F98A1D8 /* TranscriptQuality.swift in Sources */ = {isa = PBXBuildFile; fileRef = 232F5B10D1C9FAE986C7C864 /* TranscriptQuality.swift */; };
		C8D1409E6D1F319440358825 /* ContextProbe.swift in Sources */ = {isa = PBXBuildFile; fileRef = 408E9263FD3CF7E60711F9E8 /* ContextProbe.swift */; };
		CF95ECA12953ED4FC0AFA4C3 /* AppIdentifier.swift in Sources */ = {isa = PBXBuildFile; fileRef = 6100D199344098CC50AB411D /* AppIdentifier.swift */; };
		DA6EEAFAB95E78E24F215A7F /* MicrophoneManager.swift in Sources */ = {isa = PBXBuildFile; fileRef = 2D53E6F316AA44D92EEC4710 /* MicrophoneManager.swift */; };
		DEAE4E20CE687BB5866E6387 /* LocalIntelligence.swift in Sources */ = {isa = PBXBuildFile; fileRef = 813E2EEDBADFF07063F688D3 /* LocalIntelligence.swift */; };
		DEC06EE9DF9E9D1DFECDDAE5 /* StreamView.swift in Sources */ = {isa = PBXBuildFile; fileRef = E1B9810D94D0CD31393F67AF /* StreamView.swift */; };
		DFA546D3EDB08D812550DDBD /* LoginItem.swift in Sources */ = {isa = PBXBuildFile; fileRef = 86D3C0B62573CB6B00A999CE /* LoginItem.swift */; };
		E0B38D029EDAB11BC8B787BC /* MenuBarView.swift in Sources */ = {isa = PBXBuildFile; fileRef = 724E7B825377EB041BA97910 /* MenuBarView.swift */; };
		E1C160A45632D6D84926A30C /* SpokenFormNormalizer.swift in Sources */ = {isa = PBXBuildFile; fileRef = 490B06CED22F61CD387460A4 /* SpokenFormNormalizer.swift */; };
		E826DF35A5F759FC624218CC /* SpokenFormNormalizer.swift in Sources */ = {isa = PBXBuildFile; fileRef = 490B06CED22F61CD387460A4 /* SpokenFormNormalizer.swift */; };
		ECEE2A79F5E3F5EF787212BF /* StatusIndicator.swift in Sources */ = {isa = PBXBuildFile; fileRef = EF32C5AD14E35C4090236750 /* StatusIndicator.swift */; };
		EDCECC21E84B22627EC046B2 /* FieldProfiler.swift in Sources */ = {isa = PBXBuildFile; fileRef = F5F87DAB8FBCF6EC788ABBBC /* FieldProfiler.swift */; };
		EF12E5AC1C7B78D778526C1D /* ShortcutRecorderView.swift in Sources */ = {isa = PBXBuildFile; fileRef = 9D59B535823CBF1862FC457E /* ShortcutRecorderView.swift */; };
		F0147302ABE80C3A690F93A3 /* AudioCapture.swift in Sources */ = {isa = PBXBuildFile; fileRef = 5CF32B481FF059CFF9EBBF9D /* AudioCapture.swift */; };
		F8AFA223D571C4B51C59032A /* SpokenFormNormalizerTests.swift in Sources */ = {isa = PBXBuildFile; fileRef = ACCFE38DD3A695CF6B8B4520 /* SpokenFormNormalizerTests.swift */; };
		F8E173F6B8DB89FC15E4CB18 /* AudioDiagnosticsAnalyzer.swift in Sources */ = {isa = PBXBuildFile; fileRef = 2E7B4957DCF515111706FAEC /* AudioDiagnosticsAnalyzer.swift */; };
		FBBC63DD1A56828A26A19364 /* NotificationManager.swift in Sources */ = {isa = PBXBuildFile; fileRef = 49C618076D702087B0DDE731 /* NotificationManager.swift */; };
/* End PBXBuildFile section */

/* Begin PBXFileReference section */
		04445CD4EC91A6F127B5A67C /* CaptureStore.swift */ = {isa = PBXFileReference; lastKnownFileType = sourcecode.swift; path = CaptureStore.swift; sourceTree = "<group>"; };
		0979581E9EFC6EBE464219A1 /* SessionUploader.swift */ = {isa = PBXFileReference; lastKnownFileType = sourcecode.swift; path = SessionUploader.swift; sourceTree = "<group>"; };
		0CA03E957CFFE9F00D5351B5 /* CaptureListComponents.swift */ = {isa = PBXFileReference; lastKnownFileType = sourcecode.swift; path = CaptureListComponents.swift; sourceTree = "<group>"; };
		1276438ACBDE805AE73A96D8 /* HotkeyManager.swift */ = {isa = PBXFileReference; lastKnownFileType = sourcecode.swift; path = HotkeyManager.swift; sourceTree = "<group>"; };
		1644B703BCDFB773ED233BB4 /* AppPaths.swift */ = {isa = PBXFileReference; lastKnownFileType = sourcecode.swift; path = AppPaths.swift; sourceTree = "<group>"; };
		232F5B10D1C9FAE986C7C864 /* TranscriptQuality.swift */ = {isa = PBXFileReference; lastKnownFileType = sourcecode.swift; path = TranscriptQuality.swift; sourceTree = "<group>"; };
		2D53E6F316AA44D92EEC4710 /* MicrophoneManager.swift */ = {isa = PBXFileReference; lastKnownFileType = sourcecode.swift; path = MicrophoneManager.swift; sourceTree = "<group>"; };
		2DC34EBB54A844C9F08A9B1C /* SessionManager.swift */ = {isa = PBXFileReference; lastKnownFileType = sourcecode.swift; path = SessionManager.swift; sourceTree = "<group>"; };
		2E7B4957DCF515111706FAEC /* AudioDiagnosticsAnalyzer.swift */ = {isa = PBXFileReference; lastKnownFileType = sourcecode.swift; path = AudioDiagnosticsAnalyzer.swift; sourceTree = "<group>"; };
		36D04D4D581F947FDD13AD5A /* Capture.swift */ = {isa = PBXFileReference; lastKnownFileType = sourcecode.swift; path = Capture.swift; sourceTree = "<group>"; };
		3956B1F5059C9796A3016FD3 /* UtteranceRouter.swift */ = {isa = PBXFileReference; lastKnownFileType = sourcecode.swift; path = UtteranceRouter.swift; sourceTree = "<group>"; };
		3BF8AB714ADB53F38BC27D4A /* TitlebarButtons.swift */ = {isa = PBXFileReference; lastKnownFileType = sourcecode.swift; path = TitlebarButtons.swift; sourceTree = "<group>"; };
		408E9263FD3CF7E60711F9E8 /* ContextProbe.swift */ = {isa = PBXFileReference; lastKnownFileType = sourcecode.swift; path = ContextProbe.swift; sourceTree = "<group>"; };
		43BE47F86B9BB05696F03D32 /* Assets.xcassets */ = {isa = PBXFileReference; lastKnownFileType = folder.assetcatalog; path = Assets.xcassets; sourceTree = "<group>"; };
		490B06CED22F61CD387460A4 /* SpokenFormNormalizer.swift */ = {isa = PBXFileReference; lastKnownFileType = sourcecode.swift; path = SpokenFormNormalizer.swift; sourceTree = "<group>"; };
		49C618076D702087B0DDE731 /* NotificationManager.swift */ = {isa = PBXFileReference; lastKnownFileType = sourcecode.swift; path = NotificationManager.swift; sourceTree = "<group>"; };
		52F1C61EAA403A96AFFBD295 /* LocalTranscriber.swift */ = {isa = PBXFileReference; lastKnownFileType = sourcecode.swift; path = LocalTranscriber.swift; sourceTree = "<group>"; };
		576DB3CE3E387E87C108D6A9 /* AccessibilityCapture.swift */ = {isa = PBXFileReference; lastKnownFileType = sourcecode.swift; path = AccessibilityCapture.swift; sourceTree = "<group>"; };
		5CF32B481FF059CFF9EBBF9D /* AudioCapture.swift */ = {isa = PBXFileReference; lastKnownFileType = sourcecode.swift; path = AudioCapture.swift; sourceTree = "<group>"; };
		5D8981771E06E68A6EC7DE29 /* Whisper */ = {isa = PBXFileReference; lastKnownFileType = folder; name = Whisper; path = Yorick/Resources/Whisper; sourceTree = SOURCE_ROOT; };
		5E6A73B80A26C6E90C1289E6 /* Yorick.app */ = {isa = PBXFileReference; explicitFileType = wrapper.application; includeInIndex = 0; path = Yorick.app; sourceTree = BUILT_PRODUCTS_DIR; };
		604E13BD5B2496A065F0E795 /* FieldProfilerTests.swift */ = {isa = PBXFileReference; lastKnownFileType = sourcecode.swift; path = FieldProfilerTests.swift; sourceTree = "<group>"; };
		6100D199344098CC50AB411D /* AppIdentifier.swift */ = {isa = PBXFileReference; lastKnownFileType = sourcecode.swift; path = AppIdentifier.swift; sourceTree = "<group>"; };
		6AF1CD392440FF27E1B5FD00 /* YorickTests.xctest */ = {isa = PBXFileReference; explicitFileType = wrapper.cfbundle; includeInIndex = 0; path = YorickTests.xctest; sourceTree = BUILT_PRODUCTS_DIR; };
		6D103354483E5EA671B0C228 /* AppleSpeechAnalyzer.swift */ = {isa = PBXFileReference; lastKnownFileType = sourcecode.swift; path = AppleSpeechAnalyzer.swift; sourceTree = "<group>"; };
		6E650E2D930F26266A7838BE /* WhisperServer.swift */ = {isa = PBXFileReference; lastKnownFileType = sourcecode.swift; path = WhisperServer.swift; sourceTree = "<group>"; };
		724E7B825377EB041BA97910 /* MenuBarView.swift */ = {isa = PBXFileReference; lastKnownFileType = sourcecode.swift; path = MenuBarView.swift; sourceTree = "<group>"; };
		7A47ABE579672A11EBF68F05 /* PreferencesView.swift */ = {isa = PBXFileReference; lastKnownFileType = sourcecode.swift; path = PreferencesView.swift; sourceTree = "<group>"; };
		7DC33F800989734476CB1D6D /* HUDWindow.swift */ = {isa = PBXFileReference; lastKnownFileType = sourcecode.swift; path = HUDWindow.swift; sourceTree = "<group>"; };
		80EBDC0501A791A7B91B11F8 /* CaptureRenderer.swift */ = {isa = PBXFileReference; lastKnownFileType = sourcecode.swift; path = CaptureRenderer.swift; sourceTree = "<group>"; };
		813E2EEDBADFF07063F688D3 /* LocalIntelligence.swift */ = {isa = PBXFileReference; lastKnownFileType = sourcecode.swift; path = LocalIntelligence.swift; sourceTree = "<group>"; };
		86D3C0B62573CB6B00A999CE /* LoginItem.swift */ = {isa = PBXFileReference; lastKnownFileType = sourcecode.swift; path = LoginItem.swift; sourceTree = "<group>"; };
		8AD999AF3A2983F6D044382B /* HUDContentView.swift */ = {isa = PBXFileReference; lastKnownFileType = sourcecode.swift; path = HUDContentView.swift; sourceTree = "<group>"; };
		9BC530C070F06B8488BD526B /* Constants.swift */ = {isa = PBXFileReference; lastKnownFileType = sourcecode.swift; path = Constants.swift; sourceTree = "<group>"; };
		9D59B535823CBF1862FC457E /* ShortcutRecorderView.swift */ = {isa = PBXFileReference; lastKnownFileType = sourcecode.swift; path = ShortcutRecorderView.swift; sourceTree = "<group>"; };
		ACCFE38DD3A695CF6B8B4520 /* SpokenFormNormalizerTests.swift */ = {isa = PBXFileReference; lastKnownFileType = sourcecode.swift; path = SpokenFormNormalizerTests.swift; sourceTree = "<group>"; };
		BA1FC90D1A3F584F7F795AAC /* ToolbarBackdrop.swift */ = {isa = PBXFileReference; lastKnownFileType = sourcecode.swift; path = ToolbarBackdrop.swift; sourceTree = "<group>"; };
		BF4F07F81C3F7136AFA6E0E7 /* AppleSpeech.swift */ = {isa = PBXFileReference; lastKnownFileType = sourcecode.swift; path = AppleSpeech.swift; sourceTree = "<group>"; };
		BFDADD63A711A33CB1DAFC49 /* Theme.swift */ = {isa = PBXFileReference; lastKnownFileType = sourcecode.swift; path = Theme.swift; sourceTree = "<group>"; };
		C6980FB0C748F3D932BB737F /* AppDelegate.swift */ = {isa = PBXFileReference; lastKnownFileType = sourcecode.swift; path = AppDelegate.swift; sourceTree = "<group>"; };
		D28302C5A969B4E66966DBB8 /* OnboardingView.swift */ = {isa = PBXFileReference; lastKnownFileType = sourcecode.swift; path = OnboardingView.swift; sourceTree = "<group>"; };
		D83B4AFCF23F7B482C5B7689 /* ClipboardOutput.swift */ = {isa = PBXFileReference; lastKnownFileType = sourcecode.swift; path = ClipboardOutput.swift; sourceTree = "<group>"; };
		E1B9810D94D0CD31393F67AF /* StreamView.swift */ = {isa = PBXFileReference; lastKnownFileType = sourcecode.swift; path = StreamView.swift; sourceTree = "<group>"; };
		E5E2B480CE59CB88AEAF9F12 /* ContentView.swift */ = {isa = PBXFileReference; lastKnownFileType = sourcecode.swift; path = ContentView.swift; sourceTree = "<group>"; };
		EF32C5AD14E35C4090236750 /* StatusIndicator.swift */ = {isa = PBXFileReference; lastKnownFileType = sourcecode.swift; path = StatusIndicator.swift; sourceTree = "<group>"; };
		F5F87DAB8FBCF6EC788ABBBC /* FieldProfiler.swift */ = {isa = PBXFileReference; lastKnownFileType = sourcecode.swift; path = FieldProfiler.swift; sourceTree = "<group>"; };
		FB8F71B3FB8F2A899FA8638B /* YorickApp.swift */ = {isa = PBXFileReference; lastKnownFileType = sourcecode.swift; path = YorickApp.swift; sourceTree = "<group>"; };
/* End PBXFileReference section */

/* Begin PBXFrameworksBuildPhase section */
		4478136CA8B4032437A8A0B0 /* Frameworks */ = {
			isa = PBXFrameworksBuildPhase;
			buildActionMask = 2147483647;
			files = (
				B111C360CA38C6CEF5E87E20 /* KeyboardShortcuts in Frameworks */,
				BFD3A14CCF783E94615CDD3E /* Sparkle in Frameworks */,
			);
			runOnlyForDeploymentPostprocessing = 0;
		};
/* End PBXFrameworksBuildPhase section */

/* Begin PBXGroup section */
		1BDEC7CEABCDC678583FC67A /* Yorick */ = {
			isa = PBXGroup;
			children = (
				ED4AA26922765DB8E318BB07 /* App */,
				23EF00B79690B51BDC3BEA64 /* Capture */,
				F9C41DB554CC7DB5BDC8C41E /* Config */,
				79A8ABE7CC8BAD8AEABA84C2 /* Model */,
				A5FC7261B512D0BAF8371C3D /* Output */,
				60D6E97F50A096A1DCF6C8FC /* UI */,
				F7A99AF0D76D3767F53AE45E /* Upload */,
			);
			path = Yorick;
			sourceTree = "<group>";
		};
		23EF00B79690B51BDC3BEA64 /* Capture */ = {
			isa = PBXGroup;
			children = (
				576DB3CE3E387E87C108D6A9 /* AccessibilityCapture.swift */,
				6100D199344098CC50AB411D /* AppIdentifier.swift */,
				5CF32B481FF059CFF9EBBF9D /* AudioCapture.swift */,
				2E7B4957DCF515111706FAEC /* AudioDiagnosticsAnalyzer.swift */,
				408E9263FD3CF7E60711F9E8 /* ContextProbe.swift */,
				2DC34EBB54A844C9F08A9B1C /* SessionManager.swift */,
				3956B1F5059C9796A3016FD3 /* UtteranceRouter.swift */,
			);
			path = Capture;
			sourceTree = "<group>";
		};
		47FED9A2A0C64105B42C7757 = {
			isa = PBXGroup;
			children = (
				5D8981771E06E68A6EC7DE29 /* Whisper */,
				5EEEA9156B05FE691C452551 /* Resources */,
				1BDEC7CEABCDC678583FC67A /* Yorick */,
				954CCCEC4782EFA08CD7DC3B /* YorickTests */,
				53AB47D08DA65EB29D132C61 /* Products */,
			);
			sourceTree = "<group>";
		};
		53AB47D08DA65EB29D132C61 /* Products */ = {
			isa = PBXGroup;
			children = (
				5E6A73B80A26C6E90C1289E6 /* Yorick.app */,
				6AF1CD392440FF27E1B5FD00 /* YorickTests.xctest */,
			);
			name = Products;
			sourceTree = "<group>";
		};
		5EEEA9156B05FE691C452551 /* Resources */ = {
			isa = PBXGroup;
			children = (
				43BE47F86B9BB05696F03D32 /* Assets.xcassets */,
			);
			name = Resources;
			path = Yorick/Resources;
			sourceTree = "<group>";
		};
		60D6E97F50A096A1DCF6C8FC /* UI */ = {
			isa = PBXGroup;
			children = (
				0CA03E957CFFE9F00D5351B5 /* CaptureListComponents.swift */,
				E5E2B480CE59CB88AEAF9F12 /* ContentView.swift */,
				8AD999AF3A2983F6D044382B /* HUDContentView.swift */,
				7DC33F800989734476CB1D6D /* HUDWindow.swift */,
				724E7B825377EB041BA97910 /* MenuBarView.swift */,
				D28302C5A969B4E66966DBB8 /* OnboardingView.swift */,
				7A47ABE579672A11EBF68F05 /* PreferencesView.swift */,
				9D59B535823CBF1862FC457E /* ShortcutRecorderView.swift */,
				EF32C5AD14E35C4090236750 /* StatusIndicator.swift */,
				E1B9810D94D0CD31393F67AF /* StreamView.swift */,
				BFDADD63A711A33CB1DAFC49 /* Theme.swift */,
				3BF8AB714ADB53F38BC27D4A /* TitlebarButtons.swift */,
				BA1FC90D1A3F584F7F795AAC /* ToolbarBackdrop.swift */,
			);
			path = UI;
			sourceTree = "<group>";
		};
		79A8ABE7CC8BAD8AEABA84C2 /* Model */ = {
			isa = PBXGroup;
			children = (
				36D04D4D581F947FDD13AD5A /* Capture.swift */,
				80EBDC0501A791A7B91B11F8 /* CaptureRenderer.swift */,
				04445CD4EC91A6F127B5A67C /* CaptureStore.swift */,
			);
			path = Model;
			sourceTree = "<group>";
		};
		954CCCEC4782EFA08CD7DC3B /* YorickTests */ = {
			isa = PBXGroup;
			children = (
				604E13BD5B2496A065F0E795 /* FieldProfilerTests.swift */,
				ACCFE38DD3A695CF6B8B4520 /* SpokenFormNormalizerTests.swift */,
			);
			path = YorickTests;
			sourceTree = "<group>";
		};
		A5FC7261B512D0BAF8371C3D /* Output */ = {
			isa = PBXGroup;
			children = (
				D83B4AFCF23F7B482C5B7689 /* ClipboardOutput.swift */,
				F5F87DAB8FBCF6EC788ABBBC /* FieldProfiler.swift */,
				49C618076D702087B0DDE731 /* NotificationManager.swift */,
				490B06CED22F61CD387460A4 /* SpokenFormNormalizer.swift */,
			);
			path = Output;
			sourceTree = "<group>";
		};
		ED4AA26922765DB8E318BB07 /* App */ = {
			isa = PBXGroup;
			children = (
				C6980FB0C748F3D932BB737F /* AppDelegate.swift */,
				1644B703BCDFB773ED233BB4 /* AppPaths.swift */,
				FB8F71B3FB8F2A899FA8638B /* YorickApp.swift */,
			);
			path = App;
			sourceTree = "<group>";
		};
		F7A99AF0D76D3767F53AE45E /* Upload */ = {
			isa = PBXGroup;
			children = (
				BF4F07F81C3F7136AFA6E0E7 /* AppleSpeech.swift */,
				6D103354483E5EA671B0C228 /* AppleSpeechAnalyzer.swift */,
				813E2EEDBADFF07063F688D3 /* LocalIntelligence.swift */,
				52F1C61EAA403A96AFFBD295 /* LocalTranscriber.swift */,
				0979581E9EFC6EBE464219A1 /* SessionUploader.swift */,
				232F5B10D1C9FAE986C7C864 /* TranscriptQuality.swift */,
				6E650E2D930F26266A7838BE /* WhisperServer.swift */,
			);
			path = Upload;
			sourceTree = "<group>";
		};
		F9C41DB554CC7DB5BDC8C41E /* Config */ = {
			isa = PBXGroup;
			children = (
				9BC530C070F06B8488BD526B /* Constants.swift */,
				1276438ACBDE805AE73A96D8 /* HotkeyManager.swift */,
				86D3C0B62573CB6B00A999CE /* LoginItem.swift */,
				2D53E6F316AA44D92EEC4710 /* MicrophoneManager.swift */,
			);
			path = Config;
			sourceTree = "<group>";
		};
/* End PBXGroup section */

/* Begin PBXNativeTarget section */
		623CFD17D0F05F0AFD9C127F /* Yorick */ = {
			isa = PBXNativeTarget;
			buildConfigurationList = 383983D2A5061152D76FB085 /* Build configuration list for PBXNativeTarget "Yorick" */;
			buildPhases = (
				E5D609967B4A473A4271CC63 /* Sources */,
				CD8EA90435971F5BBE73204F /* Resources */,
				4478136CA8B4032437A8A0B0 /* Frameworks */,
			);
			buildRules = (
			);
			dependencies = (
			);
			name = Yorick;
			packageProductDependencies = (
				AEA076117CAB6BC4B6F74431 /* KeyboardShortcuts */,
				843C685747358500698D6BA3 /* Sparkle */,
			);
			productName = Yorick;
			productReference = 5E6A73B80A26C6E90C1289E6 /* Yorick.app */;
			productType = "com.apple.product-type.application";
		};
		F2377215FFC17713D6444CF3 /* YorickTests */ = {
			isa = PBXNativeTarget;
			buildConfigurationList = AA11D35162A10AEBE0D79A7F /* Build configuration list for PBXNativeTarget "YorickTests" */;
			buildPhases = (
				A4A3B7C813E0674FC201784B /* Sources */,
			);
			buildRules = (
			);
			dependencies = (
			);
			name = YorickTests;
			packageProductDependencies = (
			);
			productName = YorickTests;
			productReference = 6AF1CD392440FF27E1B5FD00 /* YorickTests.xctest */;
			productType = "com.apple.product-type.bundle.unit-test";
		};
/* End PBXNativeTarget section */

/* Begin PBXProject section */
		695C2EBB4C7A8235FBC7669F /* Project object */ = {
			isa = PBXProject;
			attributes = {
				BuildIndependentTargetsInParallel = YES;
				LastUpgradeCheck = 1600;
				TargetAttributes = {
					623CFD17D0F05F0AFD9C127F = {
						DevelopmentTeam = JD2ZUW2N95;
						ProvisioningStyle = Automatic;
					};
					F2377215FFC17713D6444CF3 = {
						DevelopmentTeam = JD2ZUW2N95;
						ProvisioningStyle = Automatic;
					};
				};
			};
			buildConfigurationList = 6281CDE5FC94B27FBA2D86AB /* Build configuration list for PBXProject "Yorick" */;
			developmentRegion = en;
			hasScannedForEncodings = 0;
			knownRegions = (
				Base,
				en,
			);
			mainGroup = 47FED9A2A0C64105B42C7757;
			minimizedProjectReferenceProxies = 1;
			packageReferences = (
				2A2019AEFF769CC524CD17FD /* XCRemoteSwiftPackageReference "KeyboardShortcuts" */,
				463FD30DE595E6AEF31B7E91 /* XCRemoteSwiftPackageReference "Sparkle" */,
			);
			preferredProjectObjectVersion = 77;
			productRefGroup = 53AB47D08DA65EB29D132C61 /* Products */;
			projectDirPath = "";
			projectRoot = "";
			targets = (
				623CFD17D0F05F0AFD9C127F /* Yorick */,
				F2377215FFC17713D6444CF3 /* YorickTests */,
			);
		};
/* End PBXProject section */

/* Begin PBXResourcesBuildPhase section */
		CD8EA90435971F5BBE73204F /* Resources */ = {
			isa = PBXResourcesBuildPhase;
			buildActionMask = 2147483647;
			files = (
				C414989B98612864508934B1 /* Assets.xcassets in Resources */,
				73013C371F644AF34DF1ABAA /* Whisper in Resources */,
			);
			runOnlyForDeploymentPostprocessing = 0;
		};
/* End PBXResourcesBuildPhase section */

/* Begin PBXSourcesBuildPhase section */
		A4A3B7C813E0674FC201784B /* Sources */ = {
			isa = PBXSourcesBuildPhase;
			buildActionMask = 2147483647;
			files = (
				41E54384A29FECBA90F55D04 /* FieldProfiler.swift in Sources */,
				88A8555B35995E7A2FBB83EC /* FieldProfilerTests.swift in Sources */,
				E826DF35A5F759FC624218CC /* SpokenFormNormalizer.swift in Sources */,
				F8AFA223D571C4B51C59032A /* SpokenFormNormalizerTests.swift in Sources */,
			);
			runOnlyForDeploymentPostprocessing = 0;
		};
		E5D609967B4A473A4271CC63 /* Sources */ = {
			isa = PBXSourcesBuildPhase;
			buildActionMask = 2147483647;
			files = (
				59BA1D0795401D4E78FA1847 /* AccessibilityCapture.swift in Sources */,
				52CE643B36C72CD5AD101DDD /* AppDelegate.swift in Sources */,
				CF95ECA12953ED4FC0AFA4C3 /* AppIdentifier.swift in Sources */,
				6AA227E198DF170BDA250AF4 /* AppPaths.swift in Sources */,
				4F6BC8FACF95E072AFCB4AC0 /* AppleSpeech.swift in Sources */,
				574C7B188CFD63C4B24C256F /* AppleSpeechAnalyzer.swift in Sources */,
				F0147302ABE80C3A690F93A3 /* AudioCapture.swift in Sources */,
				F8E173F6B8DB89FC15E4CB18 /* AudioDiagnosticsAnalyzer.swift in Sources */,
				A8CD261A3FDF0619338D5566 /* Capture.swift in Sources */,
				672E6E5DA3E9F0B483635D80 /* CaptureListComponents.swift in Sources */,
				B833C5C6C805A5F435041A40 /* CaptureRenderer.swift in Sources */,
				4928039C83CF682048A4C20A /* CaptureStore.swift in Sources */,
				25F2794237167E2B86E76872 /* ClipboardOutput.swift in Sources */,
				34B9653B840BA7EA04FC6914 /* Constants.swift in Sources */,
				A49F05C46D03C30835F7F541 /* ContentView.swift in Sources */,
				C8D1409E6D1F319440358825 /* ContextProbe.swift in Sources */,
				EDCECC21E84B22627EC046B2 /* FieldProfiler.swift in Sources */,
				5A0A92D6292E2EBDD687E571 /* HUDContentView.swift in Sources */,
				6007E64A5E39615DD61BF4AD /* HUDWindow.swift in Sources */,
				42E9810E3B801F3C6761BFE0 /* HotkeyManager.swift in Sources */,
				DEAE4E20CE687BB5866E6387 /* LocalIntelligence.swift in Sources */,
				05B2B5ED257533861EFF4CB7 /* LocalTranscriber.swift in Sources */,
				DFA546D3EDB08D812550DDBD /* LoginItem.swift in Sources */,
				E0B38D029EDAB11BC8B787BC /* MenuBarView.swift in Sources */,
				DA6EEAFAB95E78E24F215A7F /* MicrophoneManager.swift in Sources */,
				FBBC63DD1A56828A26A19364 /* NotificationManager.swift in Sources */,
				A957EB88DFD7D005E9D45C79 /* OnboardingView.swift in Sources */,
				511A03C41E6CD48D985D05F9 /* PreferencesView.swift in Sources */,
				35E56C0FD55F736227AA6C86 /* SessionManager.swift in Sources */,
				007FEC1B6F73F8F3A223852B /* SessionUploader.swift in Sources */,
				EF12E5AC1C7B78D778526C1D /* ShortcutRecorderView.swift in Sources */,
				E1C160A45632D6D84926A30C /* SpokenFormNormalizer.swift in Sources */,
				ECEE2A79F5E3F5EF787212BF /* StatusIndicator.swift in Sources */,
				DEC06EE9DF9E9D1DFECDDAE5 /* StreamView.swift in Sources */,
				2E2AFAFEEFD172F632EA9E32 /* Theme.swift in Sources */,
				B0187927594908ECBF6F686F /* TitlebarButtons.swift in Sources */,
				16D8C2E4F65531ED0E8FC8A6 /* ToolbarBackdrop.swift in Sources */,
				C613A4D66858655E5F98A1D8 /* TranscriptQuality.swift in Sources */,
				AC36DBF389D722369C68760E /* UtteranceRouter.swift in Sources */,
				5C6C55EBB6222F84BC08017E /* WhisperServer.swift in Sources */,
				ADC8B8995481E9F1FDBB6D3E /* YorickApp.swift in Sources */,
			);
			runOnlyForDeploymentPostprocessing = 0;
		};
/* End PBXSourcesBuildPhase section */

/* Begin XCBuildConfiguration section */
		2E5179F9259F0FFD6DB519BE /* Debug */ = {
			isa = XCBuildConfiguration;
			buildSettings = {
				ASSETCATALOG_COMPILER_APPICON_NAME = AppIcon;
				CODE_SIGN_ENTITLEMENTS = Yorick/Resources/Yorick.entitlements;
				CODE_SIGN_IDENTITY = "Apple Development";
				CODE_SIGN_STYLE = Automatic;
				COMBINE_HIDPI_IMAGES = YES;
				CURRENT_PROJECT_VERSION = 5;
				DEVELOPMENT_TEAM = JD2ZUW2N95;
				ENABLE_HARDENED_RUNTIME = YES;
				INFOPLIST_FILE = Yorick/Resources/Info.plist;
				LD_RUNPATH_SEARCH_PATHS = (
					"$(inherited)",
					"@executable_path/../Frameworks",
				);
				MACOSX_DEPLOYMENT_TARGET = 14.0;
				MARKETING_VERSION = 0.1.4;
				PRODUCT_BUNDLE_IDENTIFIER = com.heyyorick.Yorick;
				PRODUCT_NAME = Yorick;
				SDKROOT = macosx;
				SWIFT_STRICT_CONCURRENCY = complete;
				SWIFT_VERSION = 6.0;
			};
			name = Debug;
		};
		7469D79B77927203B7124B6A /* Release */ = {
			isa = XCBuildConfiguration;
			buildSettings = {
				ASSETCATALOG_COMPILER_APPICON_NAME = AppIcon;
				CODE_SIGN_ENTITLEMENTS = Yorick/Resources/Yorick.entitlements;
				CODE_SIGN_IDENTITY = "Apple Development";
				CODE_SIGN_STYLE = Automatic;
				COMBINE_HIDPI_IMAGES = YES;
				CURRENT_PROJECT_VERSION = 5;
				DEVELOPMENT_TEAM = JD2ZUW2N95;
				ENABLE_HARDENED_RUNTIME = YES;
				INFOPLIST_FILE = Yorick/Resources/Info.plist;
				LD_RUNPATH_SEARCH_PATHS = (
					"$(inherited)",
					"@executable_path/../Frameworks",
				);
				MACOSX_DEPLOYMENT_TARGET = 14.0;
				MARKETING_VERSION = 0.1.4;
				PRODUCT_BUNDLE_IDENTIFIER = com.heyyorick.Yorick;
				PRODUCT_NAME = Yorick;
				SDKROOT = macosx;
				SWIFT_STRICT_CONCURRENCY = complete;
				SWIFT_VERSION = 6.0;
			};
			name = Release;
		};
		887FA9E6012352B9795BF9BD /* Debug */ = {
			isa = XCBuildConfiguration;
			buildSettings = {
				ALWAYS_SEARCH_USER_PATHS = NO;
				CLANG_ANALYZER_NONNULL = YES;
				CLANG_ANALYZER_NUMBER_OBJECT_CONVERSION = YES_AGGRESSIVE;
				CLANG_CXX_LANGUAGE_STANDARD = "gnu++14";
				CLANG_CXX_LIBRARY = "libc++";
				CLANG_ENABLE_MODULES = YES;
				CLANG_ENABLE_OBJC_ARC = YES;
				CLANG_ENABLE_OBJC_WEAK = YES;
				CLANG_WARN_BLOCK_CAPTURE_AUTORELEASING = YES;
				CLANG_WARN_BOOL_CONVERSION = YES;
				CLANG_WARN_COMMA = YES;
				CLANG_WARN_CONSTANT_CONVERSION = YES;
				CLANG_WARN_DEPRECATED_OBJC_IMPLEMENTATIONS = YES;
				CLANG_WARN_DIRECT_OBJC_ISA_USAGE = YES_ERROR;
				CLANG_WARN_DOCUMENTATION_COMMENTS = YES;
				CLANG_WARN_EMPTY_BODY = YES;
				CLANG_WARN_ENUM_CONVERSION = YES;
				CLANG_WARN_INFINITE_RECURSION = YES;
				CLANG_WARN_INT_CONVERSION = YES;
				CLANG_WARN_NON_LITERAL_NULL_CONVERSION = YES;
				CLANG_WARN_OBJC_IMPLICIT_RETAIN_SELF = YES;
				CLANG_WARN_OBJC_LITERAL_CONVERSION = YES;
				CLANG_WARN_OBJC_ROOT_CLASS = YES_ERROR;
				CLANG_WARN_QUOTED_INCLUDE_IN_FRAMEWORK_HEADER = YES;
				CLANG_WARN_RANGE_LOOP_ANALYSIS = YES;
				CLANG_WARN_STRICT_PROTOTYPES = YES;
				CLANG_WARN_SUSPICIOUS_MOVE = YES;
				CLANG_WARN_UNGUARDED_AVAILABILITY = YES_AGGRESSIVE;
				CLANG_WARN_UNREACHABLE_CODE = YES;
				CLANG_WARN__DUPLICATE_METHOD_MATCH = YES;
				COPY_PHASE_STRIP = NO;
				DEBUG_INFORMATION_FORMAT = dwarf;
				ENABLE_STRICT_OBJC_MSGSEND = YES;
				ENABLE_TESTABILITY = YES;
				GCC_C_LANGUAGE_STANDARD = gnu11;
				GCC_DYNAMIC_NO_PIC = NO;
				GCC_NO_COMMON_BLOCKS = YES;
				GCC_OPTIMIZATION_LEVEL = 0;
				GCC_PREPROCESSOR_DEFINITIONS = (
					"$(inherited)",
					"DEBUG=1",
				);
				GCC_WARN_64_TO_32_BIT_CONVERSION = YES;
				GCC_WARN_ABOUT_RETURN_TYPE = YES_ERROR;
				GCC_WARN_UNDECLARED_SELECTOR = YES;
				GCC_WARN_UNINITIALIZED_AUTOS = YES_AGGRESSIVE;
				GCC_WARN_UNUSED_FUNCTION = YES;
				GCC_WARN_UNUSED_VARIABLE = YES;
				MACOSX_DEPLOYMENT_TARGET = 14.0;
				MTL_ENABLE_DEBUG_INFO = INCLUDE_SOURCE;
				MTL_FAST_MATH = YES;
				ONLY_ACTIVE_ARCH = YES;
				PRODUCT_NAME = "$(TARGET_NAME)";
				SDKROOT = macosx;
				SWIFT_ACTIVE_COMPILATION_CONDITIONS = DEBUG;
				SWIFT_OPTIMIZATION_LEVEL = "-Onone";
				SWIFT_VERSION = 5.0;
			};
			name = Debug;
		};
		BC390FCA5D6BC213191C8581 /* Release */ = {
			isa = XCBuildConfiguration;
			buildSettings = {
				BUNDLE_LOADER = "$(TEST_HOST)";
				CODE_SIGN_STYLE = Automatic;
				COMBINE_HIDPI_IMAGES = YES;
				DEVELOPMENT_TEAM = JD2ZUW2N95;
				GENERATE_INFOPLIST_FILE = YES;
				LD_RUNPATH_SEARCH_PATHS = (
					"$(inherited)",
					"@executable_path/../Frameworks",
					"@loader_path/../Frameworks",
				);
				MACOSX_DEPLOYMENT_TARGET = 14.0;
				PRODUCT_BUNDLE_IDENTIFIER = com.heyyorick.YorickTests;
				SDKROOT = macosx;
				SWIFT_STRICT_CONCURRENCY = complete;
				SWIFT_VERSION = 6.0;
			};
			name = Release;
		};
		DDF5EF7C42A9C6608E126DDC /* Release */ = {
			isa = XCBuildConfiguration;
			buildSettings = {
				ALWAYS_SEARCH_USER_PATHS = NO;
				CLANG_ANALYZER_NONNULL = YES;
				CLANG_ANALYZER_NUMBER_OBJECT_CONVERSION = YES_AGGRESSIVE;
				CLANG_CXX_LANGUAGE_STANDARD = "gnu++14";
				CLANG_CXX_LIBRARY = "libc++";
				CLANG_ENABLE_MODULES = YES;
				CLANG_ENABLE_OBJC_ARC = YES;
				CLANG_ENABLE_OBJC_WEAK = YES;
				CLANG_WARN_BLOCK_CAPTURE_AUTORELEASING = YES;
				CLANG_WARN_BOOL_CONVERSION = YES;
				CLANG_WARN_COMMA = YES;
				CLANG_WARN_CONSTANT_CONVERSION = YES;
				CLANG_WARN_DEPRECATED_OBJC_IMPLEMENTATIONS = YES;
				CLANG_WARN_DIRECT_OBJC_ISA_USAGE = YES_ERROR;
				CLANG_WARN_DOCUMENTATION_COMMENTS = YES;
				CLANG_WARN_EMPTY_BODY = YES;
				CLANG_WARN_ENUM_CONVERSION = YES;
				CLANG_WARN_INFINITE_RECURSION = YES;
				CLANG_WARN_INT_CONVERSION = YES;
				CLANG_WARN_NON_LITERAL_NULL_CONVERSION = YES;
				CLANG_WARN_OBJC_IMPLICIT_RETAIN_SELF = YES;
				CLANG_WARN_OBJC_LITERAL_CONVERSION = YES;
				CLANG_WARN_OBJC_ROOT_CLASS = YES_ERROR;
				CLANG_WARN_QUOTED_INCLUDE_IN_FRAMEWORK_HEADER = YES;
				CLANG_WARN_RANGE_LOOP_ANALYSIS = YES;
				CLANG_WARN_STRICT_PROTOTYPES = YES;
				CLANG_WARN_SUSPICIOUS_MOVE = YES;
				CLANG_WARN_UNGUARDED_AVAILABILITY = YES_AGGRESSIVE;
				CLANG_WARN_UNREACHABLE_CODE = YES;
				CLANG_WARN__DUPLICATE_METHOD_MATCH = YES;
				COPY_PHASE_STRIP = NO;
				DEBUG_INFORMATION_FORMAT = "dwarf-with-dsym";
				ENABLE_NS_ASSERTIONS = NO;
				ENABLE_STRICT_OBJC_MSGSEND = YES;
				GCC_C_LANGUAGE_STANDARD = gnu11;
				GCC_NO_COMMON_BLOCKS = YES;
				GCC_WARN_64_TO_32_BIT_CONVERSION = YES;
				GCC_WARN_ABOUT_RETURN_TYPE = YES_ERROR;
				GCC_WARN_UNDECLARED_SELECTOR = YES;
				GCC_WARN_UNINITIALIZED_AUTOS = YES_AGGRESSIVE;
				GCC_WARN_UNUSED_FUNCTION = YES;
				GCC_WARN_UNUSED_VARIABLE = YES;
				MACOSX_DEPLOYMENT_TARGET = 14.0;
				MTL_ENABLE_DEBUG_INFO = NO;
				MTL_FAST_MATH = YES;
				PRODUCT_NAME = "$(TARGET_NAME)";
				SDKROOT = macosx;
				SWIFT_COMPILATION_MODE = wholemodule;
				SWIFT_OPTIMIZATION_LEVEL = "-O";
				SWIFT_VERSION = 5.0;
			};
			name = Release;
		};
		EC66E68F819D8A549503EBB5 /* Debug */ = {
			isa = XCBuildConfiguration;
			buildSettings = {
				BUNDLE_LOADER = "$(TEST_HOST)";
				CODE_SIGN_STYLE = Automatic;
				COMBINE_HIDPI_IMAGES = YES;
				DEVELOPMENT_TEAM = JD2ZUW2N95;
				GENERATE_INFOPLIST_FILE = YES;
				LD_RUNPATH_SEARCH_PATHS = (
					"$(inherited)",
					"@executable_path/../Frameworks",
					"@loader_path/../Frameworks",
				);
				MACOSX_DEPLOYMENT_TARGET = 14.0;
				PRODUCT_BUNDLE_IDENTIFIER = com.heyyorick.YorickTests;
				SDKROOT = macosx;
				SWIFT_STRICT_CONCURRENCY = complete;
				SWIFT_VERSION = 6.0;
			};
			name = Debug;
		};
/* End XCBuildConfiguration section */

/* Begin XCConfigurationList section */
		383983D2A5061152D76FB085 /* Build configuration list for PBXNativeTarget "Yorick" */ = {
			isa = XCConfigurationList;
			buildConfigurations = (
				2E5179F9259F0FFD6DB519BE /* Debug */,
				7469D79B77927203B7124B6A /* Release */,
			);
			defaultConfigurationIsVisible = 0;
			defaultConfigurationName = Debug;
		};
		6281CDE5FC94B27FBA2D86AB /* Build configuration list for PBXProject "Yorick" */ = {
			isa = XCConfigurationList;
			buildConfigurations = (
				887FA9E6012352B9795BF9BD /* Debug */,
				DDF5EF7C42A9C6608E126DDC /* Release */,
			);
			defaultConfigurationIsVisible = 0;
			defaultConfigurationName = Debug;
		};
		AA11D35162A10AEBE0D79A7F /* Build configuration list for PBXNativeTarget "YorickTests" */ = {
			isa = XCConfigurationList;
			buildConfigurations = (
				EC66E68F819D8A549503EBB5 /* Debug */,
				BC390FCA5D6BC213191C8581 /* Release */,
			);
			defaultConfigurationIsVisible = 0;
			defaultConfigurationName = Debug;
		};
/* End XCConfigurationList section */

/* Begin XCRemoteSwiftPackageReference section */
		2A2019AEFF769CC524CD17FD /* XCRemoteSwiftPackageReference "KeyboardShortcuts" */ = {
			isa = XCRemoteSwiftPackageReference;
			repositoryURL = "https://github.com/sindresorhus/KeyboardShortcuts.git";
			requirement = {
				kind = upToNextMajorVersion;
				minimumVersion = 2.0.0;
			};
		};
		463FD30DE595E6AEF31B7E91 /* XCRemoteSwiftPackageReference "Sparkle" */ = {
			isa = XCRemoteSwiftPackageReference;
			repositoryURL = "https://github.com/sparkle-project/Sparkle.git";
			requirement = {
				kind = upToNextMajorVersion;
				minimumVersion = 2.6.0;
			};
		};
/* End XCRemoteSwiftPackageReference section */

/* Begin XCSwiftPackageProductDependency section */
		843C685747358500698D6BA3 /* Sparkle */ = {
			isa = XCSwiftPackageProductDependency;
			package = 463FD30DE595E6AEF31B7E91 /* XCRemoteSwiftPackageReference "Sparkle" */;
			productName = Sparkle;
		};
		AEA076117CAB6BC4B6F74431 /* KeyboardShortcuts */ = {
			isa = XCSwiftPackageProductDependency;
			package = 2A2019AEFF769CC524CD17FD /* XCRemoteSwiftPackageReference "KeyboardShortcuts" */;
			productName = KeyboardShortcuts;
		};
/* End XCSwiftPackageProductDependency section */
	};
	rootObject = 695C2EBB4C7A8235FBC7669F /* Project object */;
}
